// !$*UTF8*$!
{
	archiveVersion = 1;
	classes = {
	};
	objectVersion = 50;
	objects = {

/* Begin PBXBuildFile section */
		A68D6D3123FEB9A9009F3BA9 /* AppDelegate.swift in Sources */ = {isa = PBXBuildFile; fileRef = A68D6D3023FEB9A9009F3BA9 /* AppDelegate.swift */; };
		A68D6D3323FEB9A9009F3BA9 /* SceneDelegate.swift in Sources */ = {isa = PBXBuildFile; fileRef = A68D6D3223FEB9A9009F3BA9 /* SceneDelegate.swift */; };
		A68D6D3523FEB9A9009F3BA9 /* UsersScreenViewController.swift in Sources */ = {isa = PBXBuildFile; fileRef = A68D6D3423FEB9A9009F3BA9 /* UsersScreenViewController.swift */; };
		A68D6D3823FEB9A9009F3BA9 /* Main.storyboard in Resources */ = {isa = PBXBuildFile; fileRef = A68D6D3623FEB9A9009F3BA9 /* Main.storyboard */; };
		A68D6D3B23FEB9A9009F3BA9 /* DateHandler.xcdatamodeld in Sources */ = {isa = PBXBuildFile; fileRef = A68D6D3923FEB9A9009F3BA9 /* DateHandler.xcdatamodeld */; };
		A68D6D3D23FEB9AA009F3BA9 /* Assets.xcassets in Resources */ = {isa = PBXBuildFile; fileRef = A68D6D3C23FEB9AA009F3BA9 /* Assets.xcassets */; };
		A68D6D4023FEB9AA009F3BA9 /* LaunchScreen.storyboard in Resources */ = {isa = PBXBuildFile; fileRef = A68D6D3E23FEB9AA009F3BA9 /* LaunchScreen.storyboard */; };
		A68D6D7624007DC8009F3BA9 /* User.swift in Sources */ = {isa = PBXBuildFile; fileRef = A68D6D7524007DC8009F3BA9 /* User.swift */; };
		A68D6D78240080BE009F3BA9 /* UserManager.swift in Sources */ = {isa = PBXBuildFile; fileRef = A68D6D77240080BE009F3BA9 /* UserManager.swift */; };
		A6A6902724058ADD0065CB24 /* UserTableViewCell.swift in Sources */ = {isa = PBXBuildFile; fileRef = A6A6902524058ADD0065CB24 /* UserTableViewCell.swift */; };
		A6A6902824058ADD0065CB24 /* UserCastomTableViewCell.xib in Resources */ = {isa = PBXBuildFile; fileRef = A6A6902624058ADD0065CB24 /* UserCastomTableViewCell.xib */; };
		A6A6902B240698AA0065CB24 /* NetworkManager.swift in Sources */ = {isa = PBXBuildFile; fileRef = A6A6902A240698AA0065CB24 /* NetworkManager.swift */; };
		A6A690302406BD8C0065CB24 /* AppRoot.swift in Sources */ = {isa = PBXBuildFile; fileRef = A6A6902F2406BD8C0065CB24 /* AppRoot.swift */; };
/* End PBXBuildFile section */

/* Begin PBXFileReference section */
		A68D6D2D23FEB9A9009F3BA9 /* DateHandler.app */ = {isa = PBXFileReference; explicitFileType = wrapper.application; includeInIndex = 0; path = DateHandler.app; sourceTree = BUILT_PRODUCTS_DIR; };
		A68D6D3023FEB9A9009F3BA9 /* AppDelegate.swift */ = {isa = PBXFileReference; lastKnownFileType = sourcecode.swift; path = AppDelegate.swift; sourceTree = "<group>"; };
		A68D6D3223FEB9A9009F3BA9 /* SceneDelegate.swift */ = {isa = PBXFileReference; lastKnownFileType = sourcecode.swift; path = SceneDelegate.swift; sourceTree = "<group>"; };
		A68D6D3423FEB9A9009F3BA9 /* UsersScreenViewController.swift */ = {isa = PBXFileReference; lastKnownFileType = sourcecode.swift; path = UsersScreenViewController.swift; sourceTree = "<group>"; };
		A68D6D3723FEB9A9009F3BA9 /* Base */ = {isa = PBXFileReference; lastKnownFileType = file.storyboard; name = Base; path = Base.lproj/Main.storyboard; sourceTree = "<group>"; };
		A68D6D3A23FEB9A9009F3BA9 /* DateHandler.xcdatamodel */ = {isa = PBXFileReference; explicitFileType = wrapper.xcdatamodel; path = DateHandler.xcdatamodel; sourceTree = "<group>"; };
		A68D6D3C23FEB9AA009F3BA9 /* Assets.xcassets */ = {isa = PBXFileReference; lastKnownFileType = folder.assetcatalog; path = Assets.xcassets; sourceTree = "<group>"; };
		A68D6D3F23FEB9AA009F3BA9 /* Base */ = {isa = PBXFileReference; lastKnownFileType = file.storyboard; name = Base; path = Base.lproj/LaunchScreen.storyboard; sourceTree = "<group>"; };
		A68D6D4123FEB9AA009F3BA9 /* Info.plist */ = {isa = PBXFileReference; lastKnownFileType = text.plist.xml; path = Info.plist; sourceTree = "<group>"; };
		A68D6D7524007DC8009F3BA9 /* User.swift */ = {isa = PBXFileReference; lastKnownFileType = sourcecode.swift; path = User.swift; sourceTree = "<group>"; };
		A68D6D77240080BE009F3BA9 /* UserManager.swift */ = {isa = PBXFileReference; lastKnownFileType = sourcecode.swift; path = UserManager.swift; sourceTree = "<group>"; };
		A6A6902524058ADD0065CB24 /* UserTableViewCell.swift */ = {isa = PBXFileReference; lastKnownFileType = sourcecode.swift; path = UserTableViewCell.swift; sourceTree = "<group>"; };
		A6A6902624058ADD0065CB24 /* UserCastomTableViewCell.xib */ = {isa = PBXFileReference; lastKnownFileType = file.xib; path = UserCastomTableViewCell.xib; sourceTree = "<group>"; };
		A6A6902A240698AA0065CB24 /* NetworkManager.swift */ = {isa = PBXFileReference; lastKnownFileType = sourcecode.swift; path = NetworkManager.swift; sourceTree = "<group>"; };
		A6A6902F2406BD8C0065CB24 /* AppRoot.swift */ = {isa = PBXFileReference; lastKnownFileType = sourcecode.swift; path = AppRoot.swift; sourceTree = "<group>"; };
/* End PBXFileReference section */

/* Begin PBXFrameworksBuildPhase section */
		A68D6D2A23FEB9A9009F3BA9 /* Frameworks */ = {
			isa = PBXFrameworksBuildPhase;
			buildActionMask = 2147483647;
			files = (
			);
			runOnlyForDeploymentPostprocessing = 0;
		};
/* End PBXFrameworksBuildPhase section */

/* Begin PBXGroup section */
		A68D6D2423FEB9A9009F3BA9 = {
			isa = PBXGroup;
			children = (
				A68D6D2F23FEB9A9009F3BA9 /* DateHandler */,
				A68D6D2E23FEB9A9009F3BA9 /* Products */,
			);
			sourceTree = "<group>";
		};
		A68D6D2E23FEB9A9009F3BA9 /* Products */ = {
			isa = PBXGroup;
			children = (
				A68D6D2D23FEB9A9009F3BA9 /* DateHandler.app */,
			);
			name = Products;
			sourceTree = "<group>";
		};
		A68D6D2F23FEB9A9009F3BA9 /* DateHandler */ = {
			isa = PBXGroup;
			children = (
				A68D6D3023FEB9A9009F3BA9 /* AppDelegate.swift */,
				A68D6D3223FEB9A9009F3BA9 /* SceneDelegate.swift */,
				A68D6D4924000713009F3BA9 /* Controller */,
				A68D6D4824000704009F3BA9 /* View */,
				A68D6D47240006D8009F3BA9 /* Model */,
				A68D6D3C23FEB9AA009F3BA9 /* Assets.xcassets */,
				A68D6D3E23FEB9AA009F3BA9 /* LaunchScreen.storyboard */,
				A68D6D4123FEB9AA009F3BA9 /* Info.plist */,
			);
			path = DateHandler;
			sourceTree = "<group>";
		};
		A68D6D47240006D8009F3BA9 /* Model */ = {
			isa = PBXGroup;
			children = (
				A68D6D3923FEB9A9009F3BA9 /* DateHandler.xcdatamodeld */,
				A6A6902E2406BBD50065CB24 /* Users */,
				A6A69029240693DD0065CB24 /* Network */,
				A6A6902F2406BD8C0065CB24 /* AppRoot.swift */,
			);
			path = Model;
			sourceTree = "<group>";
		};
		A68D6D4824000704009F3BA9 /* View */ = {
			isa = PBXGroup;
			children = (
				A68D6D3623FEB9A9009F3BA9 /* Main.storyboard */,
			);
			path = View;
			sourceTree = "<group>";
		};
		A68D6D4924000713009F3BA9 /* Controller */ = {
			isa = PBXGroup;
			children = (
				A68D6D3423FEB9A9009F3BA9 /* UsersScreenViewController.swift */,
				A6A6902524058ADD0065CB24 /* UserTableViewCell.swift */,
				A6A6902624058ADD0065CB24 /* UserCastomTableViewCell.xib */,
			);
			path = Controller;
			sourceTree = "<group>";
		};
		A6A69029240693DD0065CB24 /* Network */ = {
			isa = PBXGroup;
			children = (
				A6A6902A240698AA0065CB24 /* NetworkManager.swift */,
			);
			path = Network;
			sourceTree = "<group>";
		};
		A6A6902E2406BBD50065CB24 /* Users */ = {
			isa = PBXGroup;
			children = (
				A68D6D7524007DC8009F3BA9 /* User.swift */,
				A68D6D77240080BE009F3BA9 /* UserManager.swift */,
			);
			path = Users;
			sourceTree = "<group>";
		};
/* End PBXGroup section */

/* Begin PBXNativeTarget section */
		A68D6D2C23FEB9A9009F3BA9 /* DateHandler */ = {
			isa = PBXNativeTarget;
			buildConfigurationList = A68D6D4423FEB9AA009F3BA9 /* Build configuration list for PBXNativeTarget "DateHandler" */;
			buildPhases = (
				A68D6D2923FEB9A9009F3BA9 /* Sources */,
				A68D6D2A23FEB9A9009F3BA9 /* Frameworks */,
				A68D6D2B23FEB9A9009F3BA9 /* Resources */,
			);
			buildRules = (
			);
			dependencies = (
			);
			name = DateHandler;
			productName = DateHandler;
			productReference = A68D6D2D23FEB9A9009F3BA9 /* DateHandler.app */;
			productType = "com.apple.product-type.application";
		};
/* End PBXNativeTarget section */

/* Begin PBXProject section */
		A68D6D2523FEB9A9009F3BA9 /* Project object */ = {
			isa = PBXProject;
			attributes = {
				LastSwiftUpdateCheck = 1130;
				LastUpgradeCheck = 1130;
				ORGANIZATIONNAME = "Евангелина Клюкай";
				TargetAttributes = {
					A68D6D2C23FEB9A9009F3BA9 = {
						CreatedOnToolsVersion = 11.3.1;
					};
				};
			};
			buildConfigurationList = A68D6D2823FEB9A9009F3BA9 /* Build configuration list for PBXProject "DateHandler" */;
			compatibilityVersion = "Xcode 9.3";
			developmentRegion = en;
			hasScannedForEncodings = 0;
			knownRegions = (
				en,
				Base,
			);
			mainGroup = A68D6D2423FEB9A9009F3BA9;
			productRefGroup = A68D6D2E23FEB9A9009F3BA9 /* Products */;
			projectDirPath = "";
			projectRoot = "";
			targets = (
				A68D6D2C23FEB9A9009F3BA9 /* DateHandler */,
			);
		};
/* End PBXProject section */

/* Begin PBXResourcesBuildPhase section */
		A68D6D2B23FEB9A9009F3BA9 /* Resources */ = {
			isa = PBXResourcesBuildPhase;
			buildActionMask = 2147483647;
			files = (
				A68D6D4023FEB9AA009F3BA9 /* LaunchScreen.storyboard in Resources */,
				A6A6902824058ADD0065CB24 /* UserCastomTableViewCell.xib in Resources */,
				A68D6D3D23FEB9AA009F3BA9 /* Assets.xcassets in Resources */,
				A68D6D3823FEB9A9009F3BA9 /* Main.storyboard in Resources */,
			);
			runOnlyForDeploymentPostprocessing = 0;
		};
/* End PBXResourcesBuildPhase section */

/* Begin PBXSourcesBuildPhase section */
		A68D6D2923FEB9A9009F3BA9 /* Sources */ = {
			isa = PBXSourcesBuildPhase;
			buildActionMask = 2147483647;
			files = (
				A68D6D3B23FEB9A9009F3BA9 /* DateHandler.xcdatamodeld in Sources */,
				A68D6D78240080BE009F3BA9 /* UserManager.swift in Sources */,
				A6A6902724058ADD0065CB24 /* UserTableViewCell.swift in Sources */,
				A6A690302406BD8C0065CB24 /* AppRoot.swift in Sources */,
				A6A6902B240698AA0065CB24 /* NetworkManager.swift in Sources */,
				A68D6D7624007DC8009F3BA9 /* User.swift in Sources */,
				A68D6D3523FEB9A9009F3BA9 /* UsersScreenViewController.swift in Sources */,
				A68D6D3123FEB9A9009F3BA9 /* AppDelegate.swift in Sources */,
				A68D6D3323FEB9A9009F3BA9 /* SceneDelegate.swift in Sources */,
			);
			runOnlyForDeploymentPostprocessing = 0;
		};
/* End PBXSourcesBuildPhase section */

/* Begin PBXVariantGroup section */
		A68D6D3623FEB9A9009F3BA9 /* Main.storyboard */ = {
			isa = PBXVariantGroup;
			children = (
				A68D6D3723FEB9A9009F3BA9 /* Base */,
			);
			name = Main.storyboard;
			sourceTree = "<group>";
		};
		A68D6D3E23FEB9AA009F3BA9 /* LaunchScreen.storyboard */ = {
			isa = PBXVariantGroup;
			children = (
				A68D6D3F23FEB9AA009F3BA9 /* Base */,
			);
			name = LaunchScreen.storyboard;
			sourceTree = "<group>";
		};
/* End PBXVariantGroup section */

/* Begin XCBuildConfiguration section */
		A68D6D4223FEB9AA009F3BA9 /* Debug */ = {
			isa = XCBuildConfiguration;
			buildSettings = {
				ALWAYS_SEARCH_USER_PATHS = NO;
				CLANG_ANALYZER_NONNULL = YES;
				CLANG_ANALYZER_NUMBER_OBJECT_CONVERSION = YES_AGGRESSIVE;
				CLANG_CXX_LANGUAGE_STANDARD = "gnu++14";
				CLANG_CXX_LIBRARY = "libc++";
				CLANG_ENABLE_MODULES = YES;
				CLANG_ENABLE_OBJC_ARC = YES;
				CLANG_ENABLE_OBJC_WEAK = YES;
				CLANG_WARN_BLOCK_CAPTURE_AUTORELEASING = YES;
				CLANG_WARN_BOOL_CONVERSION = YES;
				CLANG_WARN_COMMA = YES;
				CLANG_WARN_CONSTANT_CONVERSION = YES;
				CLANG_WARN_DEPRECATED_OBJC_IMPLEMENTATIONS = YES;
				CLANG_WARN_DIRECT_OBJC_ISA_USAGE = YES_ERROR;
				CLANG_WARN_DOCUMENTATION_COMMENTS = YES;
				CLANG_WARN_EMPTY_BODY = YES;
				CLANG_WARN_ENUM_CONVERSION = YES;
				CLANG_WARN_INFINITE_RECURSION = YES;
				CLANG_WARN_INT_CONVERSION = YES;
				CLANG_WARN_NON_LITERAL_NULL_CONVERSION = YES;
				CLANG_WARN_OBJC_IMPLICIT_RETAIN_SELF = YES;
				CLANG_WARN_OBJC_LITERAL_CONVERSION = YES;
				CLANG_WARN_OBJC_ROOT_CLASS = YES_ERROR;
				CLANG_WARN_RANGE_LOOP_ANALYSIS = YES;
				CLANG_WARN_STRICT_PROTOTYPES = YES;
				CLANG_WARN_SUSPICIOUS_MOVE = YES;
				CLANG_WARN_UNGUARDED_AVAILABILITY = YES_AGGRESSIVE;
				CLANG_WARN_UNREACHABLE_CODE = YES;
				CLANG_WARN__DUPLICATE_METHOD_MATCH = YES;
				COPY_PHASE_STRIP = NO;
				DEBUG_INFORMATION_FORMAT = dwarf;
				ENABLE_STRICT_OBJC_MSGSEND = YES;
				ENABLE_TESTABILITY = YES;
				GCC_C_LANGUAGE_STANDARD = gnu11;
				GCC_DYNAMIC_NO_PIC = NO;
				GCC_NO_COMMON_BLOCKS = YES;
				GCC_OPTIMIZATION_LEVEL = 0;
				GCC_PREPROCESSOR_DEFINITIONS = (
					"DEBUG=1",
					"$(inherited)",
				);
				GCC_WARN_64_TO_32_BIT_CONVERSION = YES;
				GCC_WARN_ABOUT_RETURN_TYPE = YES_ERROR;
				GCC_WARN_UNDECLARED_SELECTOR = YES;
				GCC_WARN_UNINITIALIZED_AUTOS = YES_AGGRESSIVE;
				GCC_WARN_UNUSED_FUNCTION = YES;
				GCC_WARN_UNUSED_VARIABLE = YES;
				IPHONEOS_DEPLOYMENT_TARGET = 13.2;
				MTL_ENABLE_DEBUG_INFO = INCLUDE_SOURCE;
				MTL_FAST_MATH = YES;
				ONLY_ACTIVE_ARCH = YES;
				SDKROOT = iphoneos;
				SWIFT_ACTIVE_COMPILATION_CONDITIONS = DEBUG;
				SWIFT_OPTIMIZATION_LEVEL = "-Onone";
			};
			name = Debug;
		};
		A68D6D4323FEB9AA009F3BA9 /* Release */ = {
			isa = XCBuildConfiguration;
			buildSettings = {
				ALWAYS_SEARCH_USER_PATHS = NO;
				CLANG_ANALYZER_NONNULL = YES;
				CLANG_ANALYZER_NUMBER_OBJECT_CONVERSION = YES_AGGRESSIVE;
				CLANG_CXX_LANGUAGE_STANDARD = "gnu++14";
				CLANG_CXX_LIBRARY = "libc++";
				CLANG_ENABLE_MODULES = YES;
				CLANG_ENABLE_OBJC_ARC = YES;
				CLANG_ENABLE_OBJC_WEAK = YES;
				CLANG_WARN_BLOCK_CAPTURE_AUTORELEASING = YES;
				CLANG_WARN_BOOL_CONVERSION = YES;
				CLANG_WARN_COMMA = YES;
				CLANG_WARN_CONSTANT_CONVERSION = YES;
				CLANG_WARN_DEPRECATED_OBJC_IMPLEMENTATIONS = YES;
				CLANG_WARN_DIRECT_OBJC_ISA_USAGE = YES_ERROR;
				CLANG_WARN_DOCUMENTATION_COMMENTS = YES;
				CLANG_WARN_EMPTY_BODY = YES;
				CLANG_WARN_ENUM_CONVERSION = YES;
				CLANG_WARN_INFINITE_RECURSION = YES;
				CLANG_WARN_INT_CONVERSION = YES;
				CLANG_WARN_NON_LITERAL_NULL_CONVERSION = YES;
				CLANG_WARN_OBJC_IMPLICIT_RETAIN_SELF = YES;
				CLANG_WARN_OBJC_LITERAL_CONVERSION = YES;
				CLANG_WARN_OBJC_ROOT_CLASS = YES_ERROR;
				CLANG_WARN_RANGE_LOOP_ANALYSIS = YES;
				CLANG_WARN_STRICT_PROTOTYPES = YES;
				CLANG_WARN_SUSPICIOUS_MOVE = YES;
				CLANG_WARN_UNGUARDED_AVAILABILITY = YES_AGGRESSIVE;
				CLANG_WARN_UNREACHABLE_CODE = YES;
				CLANG_WARN__DUPLICATE_METHOD_MATCH = YES;
				COPY_PHASE_STRIP = NO;
				DEBUG_INFORMATION_FORMAT = "dwarf-with-dsym";
				ENABLE_NS_ASSERTIONS = NO;
				ENABLE_STRICT_OBJC_MSGSEND = YES;
				GCC_C_LANGUAGE_STANDARD = gnu11;
				GCC_NO_COMMON_BLOCKS = YES;
				GCC_WARN_64_TO_32_BIT_CONVERSION = YES;
				GCC_WARN_ABOUT_RETURN_TYPE = YES_ERROR;
				GCC_WARN_UNDECLARED_SELECTOR = YES;
				GCC_WARN_UNINITIALIZED_AUTOS = YES_AGGRESSIVE;
				GCC_WARN_UNUSED_FUNCTION = YES;
				GCC_WARN_UNUSED_VARIABLE = YES;
				IPHONEOS_DEPLOYMENT_TARGET = 13.2;
				MTL_ENABLE_DEBUG_INFO = NO;
				MTL_FAST_MATH = YES;
				SDKROOT = iphoneos;
				SWIFT_COMPILATION_MODE = wholemodule;
				SWIFT_OPTIMIZATION_LEVEL = "-O";
				VALIDATE_PRODUCT = YES;
			};
			name = Release;
		};
		A68D6D4523FEB9AA009F3BA9 /* Debug */ = {
			isa = XCBuildConfiguration;
			buildSettings = {
				ASSETCATALOG_COMPILER_APPICON_NAME = AppIcon;
				CODE_SIGN_STYLE = Automatic;
				DEVELOPMENT_TEAM = A4647YNHF8;
				INFOPLIST_FILE = DateHandler/Info.plist;
				IPHONEOS_DEPLOYMENT_TARGET = 13.2;
				LD_RUNPATH_SEARCH_PATHS = (
					"$(inherited)",
					"@executable_path/Frameworks",
				);
				PRODUCT_BUNDLE_IDENTIFIER = com.klyukay.eva.DateHandler;
				PRODUCT_NAME = "$(TARGET_NAME)";
				SWIFT_VERSION = 5.0;
				TARGETED_DEVICE_FAMILY = "1,2";
			};
			name = Debug;
		};
		A68D6D4623FEB9AA009F3BA9 /* Release */ = {
			isa = XCBuildConfiguration;
			buildSettings = {
				ASSETCATALOG_COMPILER_APPICON_NAME = AppIcon;
				CODE_SIGN_STYLE = Automatic;
				DEVELOPMENT_TEAM = A4647YNHF8;
				INFOPLIST_FILE = DateHandler/Info.plist;
				IPHONEOS_DEPLOYMENT_TARGET = 13.2;
				LD_RUNPATH_SEARCH_PATHS = (
					"$(inherited)",
					"@executable_path/Frameworks",
				);
				PRODUCT_BUNDLE_IDENTIFIER = com.klyukay.eva.DateHandler;
				PRODUCT_NAME = "$(TARGET_NAME)";
				SWIFT_VERSION = 5.0;
				TARGETED_DEVICE_FAMILY = "1,2";
			};
			name = Release;
		};
/* End XCBuildConfiguration section */

/* Begin XCConfigurationList section */
		A68D6D2823FEB9A9009F3BA9 /* Build configuration list for PBXProject "DateHandler" */ = {
			isa = XCConfigurationList;
			buildConfigurations = (
				A68D6D4223FEB9AA009F3BA9 /* Debug */,
				A68D6D4323FEB9AA009F3BA9 /* Release */,
			);
			defaultConfigurationIsVisible = 0;
			defaultConfigurationName = Release;
		};
		A68D6D4423FEB9AA009F3BA9 /* Build configuration list for PBXNativeTarget "DateHandler" */ = {
			isa = XCConfigurationList;
			buildConfigurations = (
				A68D6D4523FEB9AA009F3BA9 /* Debug */,
				A68D6D4623FEB9AA009F3BA9 /* Release */,
			);
			defaultConfigurationIsVisible = 0;
			defaultConfigurationName = Release;
		};
/* End XCConfigurationList section */

/* Begin XCVersionGroup section */
		A68D6D3923FEB9A9009F3BA9 /* DateHandler.xcdatamodeld */ = {
			isa = XCVersionGroup;
			children = (
				A68D6D3A23FEB9A9009F3BA9 /* DateHandler.xcdatamodel */,
			);
			currentVersion = A68D6D3A23FEB9A9009F3BA9 /* DateHandler.xcdatamodel */;
			path = DateHandler.xcdatamodeld;
			sourceTree = "<group>";
			versionGroupType = wrapper.xcdatamodel;
		};
/* End XCVersionGroup section */
	};
	rootObject = A68D6D2523FEB9A9009F3BA9 /* Project object */;
}
